
Microsoft Visual Studio Solution File, Format Version 12.00
# Visual Studio 15
Project("{FAE04EC0-301F-11D3-BF4B-00C04F79EFBC}") = "Assembly-CSharp-Editor", "Assembly-CSharp-Editor.csproj", "{64294CBE-1D08-33E5-D4B4-05CC26150925}"
EndProject
Project("{FAE04EC0-301F-11D3-BF4B-00C04F79EFBC}") = "Assembly-CSharp", "Assembly-CSharp.csproj", "{A73E05A6-6199-E288-D530-89646E7694B8}"
EndProject
Global
	GlobalSection(SolutionConfigurationPlatforms) = preSolution
		Debug|Any CPU = Debug|Any CPU
		Release|Any CPU = Release|Any CPU
	EndGlobalSection
	GlobalSection(ProjectConfigurationPlatforms) = postSolution
		{64294CBE-1D08-33E5-D4B4-05CC26150925}.Debug|Any CPU.ActiveCfg = Debug|Any CPU
		{64294CBE-1D08-33E5-D4B4-05CC26150925}.Debug|Any CPU.Build.0 = Debug|Any CPU
		{64294CBE-1D08-33E5-D4B4-05CC26150925}.Release|Any CPU.ActiveCfg = Release|Any CPU
		{64294CBE-1D08-33E5-D4B4-05CC26150925}.Release|Any CPU.Build.0 = Release|Any CPU
		{A73E05A6-6199-E288-D530-89646E7694B8}.Debug|Any CPU.ActiveCfg = Debug|Any CPU
		{A73E05A6-6199-E288-D530-89646E7694B8}.Debug|Any CPU.Build.0 = Debug|Any CPU
		{A73E05A6-6199-E288-D530-89646E7694B8}.Release|Any CPU.ActiveCfg = Release|Any CPU
		{A73E05A6-6199-E288-D530-89646E7694B8}.Release|Any CPU.Build.0 = Release|Any CPU
	EndGlobalSection
	GlobalSection(SolutionProperties) = preSolution
		HideSolutionNode = FALSE
	EndGlobalSection
EndGlobal
